
Microsoft Visual Studio Solution File, Format Version 12.00
# Visual Studio Version 17
VisualStudioVersion = 17.7.34024.191
MinimumVisualStudioVersion = 10.0.40219.1
Project("{9A19103F-16F7-4668-BE54-9A1E7A4F7556}") = "FriendsWebApp", "FriendsWebApp\FriendsWebApp.csproj", "{2419C042-879F-419E-A113-E8BA3D76AE0B}"
EndProject
Global
	GlobalSection(SolutionConfigurationPlatforms) = preSolution
		Debug|Any CPU = Debug|Any CPU
		Release|Any CPU = Release|Any CPU
	EndGlobalSection
	GlobalSection(ProjectConfigurationPlatforms) = postSolution
		{2419C042-879F-419E-A113-E8BA3D76AE0B}.Debug|Any CPU.ActiveCfg = Debug|Any CPU
		{2419C042-879F-419E-A113-E8BA3D76AE0B}.Debug|Any CPU.Build.0 = Debug|Any CPU
		{2419C042-879F-419E-A113-E8BA3D76AE0B}.Release|Any CPU.ActiveCfg = Release|Any CPU
		{2419C042-879F-419E-A113-E8BA3D76AE0B}.Release|Any CPU.Build.0 = Release|Any CPU
	EndGlobalSection
	GlobalSection(SolutionProperties) = preSolution
		HideSolutionNode = FALSE
	EndGlobalSection
	GlobalSection(ExtensibilityGlobals) = postSolution
		SolutionGuid = {19DA9DB2-98B8-49E7-9A35-6679C95845FD}
	EndGlobalSection
EndGlobal
